{
  "name": "Beauty-Mark-Salon",
  "lockfileVersion": 3,
  "requires": true,
  "packages": {
    "": {
      "dependencies": {
        "mc-datepicker": "^0.6.5"
      }
    },
    "node_modules/mc-datepicker": {
      "version": "0.6.5",
      "resolved": "https://registry.npmjs.org/mc-datepicker/-/mc-datepicker-0.6.5.tgz",
      "integrity": "sha512-bb5wQHro1jUkFS5n9y3jxo+SVULFih7mIeAnhgMwIpJ1YFvm9xnHGzftnoHOnDrznMf7WZbJWXQeI7iCqtNgnw=="
    }
  }
}
